
Microsoft Visual Studio Solution File, Format Version 12.00
# Visual Studio 15
VisualStudioVersion = 15.0.27130.2036
MinimumVisualStudioVersion = 10.0.40219.1
Project("{8BC9CEB8-8B4A-11D0-8D11-00A0C91BC942}") = "StateMachine", "StateMachine\StateMachine.vcxproj", "{96D7B69C-B2B2-4C7D-8A31-075F76839648}"
EndProject
Global
	GlobalSection(SolutionConfigurationPlatforms) = preSolution
		Debug|x64 = Debug|x64
		Debug|x86 = Debug|x86
		Release|x64 = Release|x64
		Release|x86 = Release|x86
	EndGlobalSection
	GlobalSection(ProjectConfigurationPlatforms) = postSolution
		{96D7B69C-B2B2-4C7D-8A31-075F76839648}.Debug|x64.ActiveCfg = Debug|x64
		{96D7B69C-B2B2-4C7D-8A31-075F76839648}.Debug|x64.Build.0 = Debug|x64
		{96D7B69C-B2B2-4C7D-8A31-075F76839648}.Debug|x86.ActiveCfg = Debug|Win32
		{96D7B69C-B2B2-4C7D-8A31-075F76839648}.Debug|x86.Build.0 = Debug|Win32
		{96D7B69C-B2B2-4C7D-8A31-075F76839648}.Release|x64.ActiveCfg = Release|x64
		{96D7B69C-B2B2-4C7D-8A31-075F76839648}.Release|x64.Build.0 = Release|x64
		{96D7B69C-B2B2-4C7D-8A31-075F76839648}.Release|x86.ActiveCfg = Release|Win32
		{96D7B69C-B2B2-4C7D-8A31-075F76839648}.Release|x86.Build.0 = Release|Win32
	EndGlobalSection
	GlobalSection(SolutionProperties) = preSolution
		HideSolutionNode = FALSE
	EndGlobalSection
	GlobalSection(ExtensibilityGlobals) = postSolution
		SolutionGuid = {341FDDAD-9C83-4B1C-AB0C-2BD13CF661EB}
	EndGlobalSection
EndGlobal
